{
  "version": 4,
  "terraform_version": "1.9.0",
  "serial": 199,
  "lineage": "f0968ca8-64c4-0633-7692-7eccdd50289d",
  "outputs": {},
  "resources": [
    {
      "mode": "managed",
      "type": "docker_image",
      "name": "cassandra",
      "provider": "provider[\"registry.terraform.io/kreuzwerker/docker\"]",
      "instances": [
        {
          "schema_version": 0,
          "attributes": {
            "build": [],
            "force_remove": null,
            "id": "sha256:32a6574e6bf0a8c7ad62972446898768a3a4e3aaccecafa8726583ae219c12a6cassandra:latest",
            "image_id": "sha256:32a6574e6bf0a8c7ad62972446898768a3a4e3aaccecafa8726583ae219c12a6",
            "keep_locally": null,
            "name": "cassandra:latest",
            "platform": null,
            "pull_triggers": null,
            "repo_digest": "cassandra@sha256:a918662a8dedb260d345ad9117d5f8c1e8e31851dfd758aae1295c2271beda4c",
            "triggers": null
          },
          "sensitive_attributes": [],
          "private": "bnVsbA=="
        }
      ]
    },
    {
      "mode": "managed",
      "type": "docker_image",
      "name": "mongo",
      "provider": "provider[\"registry.terraform.io/kreuzwerker/docker\"]",
      "instances": [
        {
          "schema_version": 0,
          "attributes": {
            "build": [],
            "force_remove": null,
            "id": "sha256:a31b196b207d768e78f2af331869e91d13443f691080d3b93e8009a53391eeaamongo:latest",
            "image_id": "sha256:a31b196b207d768e78f2af331869e91d13443f691080d3b93e8009a53391eeaa",
            "keep_locally": null,
            "name": "mongo:latest",
            "platform": null,
            "pull_triggers": null,
            "repo_digest": "mongo@sha256:54996a559c724c726a31fb8131e1c9088a05f7e531760e2897212389bbf20fed",
            "triggers": null
          },
          "sensitive_attributes": [],
          "private": "bnVsbA=="
        }
      ]
    },
    {
      "mode": "managed",
      "type": "docker_image",
      "name": "mysql",
      "provider": "provider[\"registry.terraform.io/kreuzwerker/docker\"]",
      "instances": [
        {
          "schema_version": 0,
          "attributes": {
            "build": [],
            "force_remove": null,
            "id": "sha256:7ce93a845a8a98c89bd58a5e45fe71277ca5f52177c88046858a6a0af969ba74mysql:latest",
            "image_id": "sha256:7ce93a845a8a98c89bd58a5e45fe71277ca5f52177c88046858a6a0af969ba74",
            "keep_locally": null,
            "name": "mysql:latest",
            "platform": null,
            "pull_triggers": null,
            "repo_digest": "mysql@sha256:d8df069848906979fd7511db00dc22efeb0a33a990d87c3c6d3fcdafd6fc6123",
            "triggers": null
          },
          "sensitive_attributes": [],
          "private": "bnVsbA=="
        }
      ]
    },
    {
      "mode": "managed",
      "type": "docker_image",
      "name": "postgres",
      "provider": "provider[\"registry.terraform.io/kreuzwerker/docker\"]",
      "instances": [
        {
          "schema_version": 0,
          "attributes": {
            "build": [],
            "force_remove": null,
            "id": "sha256:07a4ee949b9e7851d9ef860fd36f486aa821f23e1c17939244155fe825eaf79apostgres:latest",
            "image_id": "sha256:07a4ee949b9e7851d9ef860fd36f486aa821f23e1c17939244155fe825eaf79a",
            "keep_locally": null,
            "name": "postgres:latest",
            "platform": null,
            "pull_triggers": null,
            "repo_digest": "postgres@sha256:d0f363f8366fbc3f52d172c6e76bc27151c3d643b870e1062b4e8bfe65baf609",
            "triggers": null
          },
          "sensitive_attributes": [],
          "private": "bnVsbA=="
        }
      ]
    }
  ],
  "check_results": null
}
