
Microsoft Visual Studio Solution File, Format Version 12.00
# Visual Studio Version 17
VisualStudioVersion = 17.10.35122.118
MinimumVisualStudioVersion = 10.0.40219.1
Project("{FAE04EC0-301F-11D3-BF4B-00C04F79EFBC}") = "Spotify_Api", "Spotify_Api.csproj", "{020F7AD4-3DEF-430D-B287-35E541F7E2E4}"
EndProject
Global
	GlobalSection(SolutionConfigurationPlatforms) = preSolution
		Debug|Any CPU = Debug|Any CPU
		Release|Any CPU = Release|Any CPU
	EndGlobalSection
	GlobalSection(ProjectConfigurationPlatforms) = postSolution
		{020F7AD4-3DEF-430D-B287-35E541F7E2E4}.Debug|Any CPU.ActiveCfg = Debug|Any CPU
		{020F7AD4-3DEF-430D-B287-35E541F7E2E4}.Debug|Any CPU.Build.0 = Debug|Any CPU
		{020F7AD4-3DEF-430D-B287-35E541F7E2E4}.Release|Any CPU.ActiveCfg = Release|Any CPU
		{020F7AD4-3DEF-430D-B287-35E541F7E2E4}.Release|Any CPU.Build.0 = Release|Any CPU
	EndGlobalSection
	GlobalSection(SolutionProperties) = preSolution
		HideSolutionNode = FALSE
	EndGlobalSection
	GlobalSection(ExtensibilityGlobals) = postSolution
		SolutionGuid = {C3F88C13-9684-4A0D-A6BD-7F6278E49788}
	EndGlobalSection
EndGlobal
